// package-lock.json
{
  "name": "nitrogen",
  "lockfileVersion": 3,
  "requires": true,
  "packages": {
    "": {
      "version": "2.0.0",
      "dependencies": {
        "axios": "1.9.0",
        "electron": "36.1.0",
        "electron-packager": "17.1.2",
        "electron-builder": "26.0.12"
      }
    }
  },
  "dependencies": {
    "axios": {
      "version": "1.9.0",
      "resolved": "https://registry.npmjs.org/axios/-/axios-1.9.0.tgz",
      "integrity": ""
    },
    "electron": {
      "version": "36.1.0",
      "resolved": "https://registry.npmjs.org/electron/-/electron-36.1.0.tgz",
      "integrity": ""
    },
    "electron-packager": {
      "version": "17.1.2",
      "resolved": "https://registry.npmjs.org/electron-packager/-/electron-packager-17.1.2.tgz",
      "integrity": ""
    },
    "electron-builder": {
      "version": "26.0.12",
      "resolved": "https://registry.npmjs.org/electron-builder/-/electron-builder-26.0.12.tgz",
      "integrity": ""
    }
  }
}
